Microsoft Visual Studio Solution File, Format Version 12.00
# Visual Studio Version 17
VisualStudioVersion = 17.13.35913.81
MinimumVisualStudioVersion = 10.0.40219.1
Project("{2150E333-8FDC-42A3-9474-1A3956D46DE8}") = "HatPepper.Search", "HatPepper.Search", "{DDB4EF12-CC4E-5E88-E6FC-71A802F4DE97}"
EndProject
Project("{2150E333-8FDC-42A3-9474-1A3956D46DE8}") = "HatPepper.Reservation", "HatPepper.Reservation", "{1B181EC5-105C-4B68-BA85-4570E741F536}"
EndProject
Project("{FAE04EC0-301F-11D3-BF4B-00C04F79EFBC}") = "HatPepper.Search.Gateway.HotPepper", "HatPepper.Search.Gateway.HotPepper\HatPepper.Search.Gateway.HotPepper.csproj", "{C869064A-D7BE-410D-8E02-B51C33A9F8E4}"
EndProject
Project("{2150E333-8FDC-42A3-9474-1A3956D46DE8}") = "HatPepper", "HatPepper", "{4A4E1EC5-7D16-435D-9B11-91FD08BB0F5F}"
EndProject
Project("{FAE04EC0-301F-11D3-BF4B-00C04F79EFBC}") = "HatPepper.Search.Gateway.Device", "HatPepper.Search.Gateway.Device\HatPepper.Search.Gateway.Device.csproj", "{ABF99468-7D4A-4FF7-9F7A-7BFD42395BE4}"
EndProject
Project("{FAE04EC0-301F-11D3-BF4B-00C04F79EFBC}") = "HatPepper", "HatPepper\HatPepper.csproj", "{0590B3AB-4745-4010-8F95-6225343FB1B5}"
EndProject
Project("{FAE04EC0-301F-11D3-BF4B-00C04F79EFBC}") = "HatPepper.PresentationShell", "HatPepper.PresentationShell\HatPepper.PresentationShell.csproj", "{1C184B07-9C01-4D07-BDA5-5143535CE607}"
EndProject
Project("{FAE04EC0-301F-11D3-BF4B-00C04F79EFBC}") = "HatPepper.Reservation.Gateway.HotPepper", "HatPepper.Reservation.Gateway.HotPepper\HatPepper.Reservation.Gateway.HotPepper.csproj", "{4CCBE14A-55C8-407D-AC08-3643E652C861}"
EndProject
Project("{FAE04EC0-301F-11D3-BF4B-00C04F79EFBC}") = "HatPepper.Search.Domain", "HatPepper.Search.Domain\HatPepper.Search.Domain.csproj", "{EFD36CF3-84D1-423B-BEC6-EB0A5EDBE95F}"
EndProject
Project("{FAE04EC0-301F-11D3-BF4B-00C04F79EFBC}") = "HatPepper.Search.Application", "HatPepper.Search.Application\HatPepper.Search.Application.csproj", "{7BBA6316-C2DE-4906-8C45-0DAD5EE47186}"
EndProject
Project("{FAE04EC0-301F-11D3-BF4B-00C04F79EFBC}") = "HatPepper.Search.Presentation.Controller", "HatPepper.Search.Presentation.Controller\HatPepper.Search.Presentation.Controller.csproj", "{F64A53C6-1746-47C3-965D-87F9F4C14BC9}"
EndProject
Project("{FAE04EC0-301F-11D3-BF4B-00C04F79EFBC}") = "HatPepper.Search.Presentation.View", "HatPepper.Search.Presentation.View\HatPepper.Search.Presentation.View.csproj", "{04AA74C0-E5EA-4274-B17A-56B2EC2C956C}"
EndProject
Project("{FAE04EC0-301F-11D3-BF4B-00C04F79EFBC}") = "HatPepper.Reservation.Domain", "HatPepper.Reservation.Domain\HatPepper.Reservation.Domain.csproj", "{511590DE-24B7-48CE-8279-6CD20E0D6BF4}"
EndProject
Project("{FAE04EC0-301F-11D3-BF4B-00C04F79EFBC}") = "HatPepper.Reservation.Application", "HatPepper.Reservation.Application\HatPepper.Reservation.Application.csproj", "{2E9A141B-0C5E-4E3B-8CD5-A72229191EC3}"
EndProject
Project("{FAE04EC0-301F-11D3-BF4B-00C04F79EFBC}") = "HatPepper.Reservation.Presentation.Controller", "HatPepper.Reservation.Presentation.Controller\HatPepper.Reservation.Presentation.Controller.csproj", "{76BE9D34-D36E-49D8-BBCB-6091C6055559}"
EndProject
Project("{FAE04EC0-301F-11D3-BF4B-00C04F79EFBC}") = "HatPepper.Reservation.Presentation.View", "HatPepper.Reservation.Presentation.View\HatPepper.Reservation.Presentation.View.csproj", "{EDD4CCC9-8A85-4B97-B1E1-658BE4106F3F}"
EndProject
Project("{FAE04EC0-301F-11D3-BF4B-00C04F79EFBC}") = "HatPepper.Generic.Presentation.Controller", "HatPepper.Generic.Presentation.Controller\HatPepper.Generic.Presentation.Controller.csproj", "{E26B40DF-4298-42F5-907A-239F3A6267B1}"
EndProject
Global
	GlobalSection(SolutionConfigurationPlatforms) = preSolution
		Debug|Any CPU = Debug|Any CPU
		Release|Any CPU = Release|Any CPU
	EndGlobalSection
	GlobalSection(ProjectConfigurationPlatforms) = postSolution
		{C869064A-D7BE-410D-8E02-B51C33A9F8E4}.Debug|Any CPU.ActiveCfg = Debug|Any CPU
		{C869064A-D7BE-410D-8E02-B51C33A9F8E4}.Debug|Any CPU.Build.0 = Debug|Any CPU
		{C869064A-D7BE-410D-8E02-B51C33A9F8E4}.Release|Any CPU.ActiveCfg = Release|Any CPU
		{C869064A-D7BE-410D-8E02-B51C33A9F8E4}.Release|Any CPU.Build.0 = Release|Any CPU
		{ABF99468-7D4A-4FF7-9F7A-7BFD42395BE4}.Debug|Any CPU.ActiveCfg = Debug|Any CPU
		{ABF99468-7D4A-4FF7-9F7A-7BFD42395BE4}.Debug|Any CPU.Build.0 = Debug|Any CPU
		{ABF99468-7D4A-4FF7-9F7A-7BFD42395BE4}.Release|Any CPU.ActiveCfg = Release|Any CPU
		{ABF99468-7D4A-4FF7-9F7A-7BFD42395BE4}.Release|Any CPU.Build.0 = Release|Any CPU
		{0590B3AB-4745-4010-8F95-6225343FB1B5}.Debug|Any CPU.ActiveCfg = Debug|Any CPU
		{0590B3AB-4745-4010-8F95-6225343FB1B5}.Debug|Any CPU.Build.0 = Debug|Any CPU
		{0590B3AB-4745-4010-8F95-6225343FB1B5}.Release|Any CPU.ActiveCfg = Release|Any CPU
		{0590B3AB-4745-4010-8F95-6225343FB1B5}.Release|Any CPU.Build.0 = Release|Any CPU
		{1C184B07-9C01-4D07-BDA5-5143535CE607}.Debug|Any CPU.ActiveCfg = Debug|Any CPU
		{1C184B07-9C01-4D07-BDA5-5143535CE607}.Debug|Any CPU.Build.0 = Debug|Any CPU
		{1C184B07-9C01-4D07-BDA5-5143535CE607}.Release|Any CPU.ActiveCfg = Release|Any CPU
		{1C184B07-9C01-4D07-BDA5-5143535CE607}.Release|Any CPU.Build.0 = Release|Any CPU
		{4CCBE14A-55C8-407D-AC08-3643E652C861}.Debug|Any CPU.ActiveCfg = Debug|Any CPU
		{4CCBE14A-55C8-407D-AC08-3643E652C861}.Debug|Any CPU.Build.0 = Debug|Any CPU
		{4CCBE14A-55C8-407D-AC08-3643E652C861}.Release|Any CPU.ActiveCfg = Release|Any CPU
		{4CCBE14A-55C8-407D-AC08-3643E652C861}.Release|Any CPU.Build.0 = Release|Any CPU
		{EFD36CF3-84D1-423B-BEC6-EB0A5EDBE95F}.Debug|Any CPU.ActiveCfg = Debug|Any CPU
		{EFD36CF3-84D1-423B-BEC6-EB0A5EDBE95F}.Debug|Any CPU.Build.0 = Debug|Any CPU
		{EFD36CF3-84D1-423B-BEC6-EB0A5EDBE95F}.Release|Any CPU.ActiveCfg = Release|Any CPU
		{EFD36CF3-84D1-423B-BEC6-EB0A5EDBE95F}.Release|Any CPU.Build.0 = Release|Any CPU
		{7BBA6316-C2DE-4906-8C45-0DAD5EE47186}.Debug|Any CPU.ActiveCfg = Debug|Any CPU
		{7BBA6316-C2DE-4906-8C45-0DAD5EE47186}.Debug|Any CPU.Build.0 = Debug|Any CPU
		{7BBA6316-C2DE-4906-8C45-0DAD5EE47186}.Release|Any CPU.ActiveCfg = Release|Any CPU
		{7BBA6316-C2DE-4906-8C45-0DAD5EE47186}.Release|Any CPU.Build.0 = Release|Any CPU
		{F64A53C6-1746-47C3-965D-87F9F4C14BC9}.Debug|Any CPU.ActiveCfg = Debug|Any CPU
		{F64A53C6-1746-47C3-965D-87F9F4C14BC9}.Debug|Any CPU.Build.0 = Debug|Any CPU
		{F64A53C6-1746-47C3-965D-87F9F4C14BC9}.Release|Any CPU.ActiveCfg = Release|Any CPU
		{F64A53C6-1746-47C3-965D-87F9F4C14BC9}.Release|Any CPU.Build.0 = Release|Any CPU
		{04AA74C0-E5EA-4274-B17A-56B2EC2C956C}.Debug|Any CPU.ActiveCfg = Debug|Any CPU
		{04AA74C0-E5EA-4274-B17A-56B2EC2C956C}.Debug|Any CPU.Build.0 = Debug|Any CPU
		{04AA74C0-E5EA-4274-B17A-56B2EC2C956C}.Release|Any CPU.ActiveCfg = Release|Any CPU
		{04AA74C0-E5EA-4274-B17A-56B2EC2C956C}.Release|Any CPU.Build.0 = Release|Any CPU
		{511590DE-24B7-48CE-8279-6CD20E0D6BF4}.Debug|Any CPU.ActiveCfg = Debug|Any CPU
		{511590DE-24B7-48CE-8279-6CD20E0D6BF4}.Debug|Any CPU.Build.0 = Debug|Any CPU
		{511590DE-24B7-48CE-8279-6CD20E0D6BF4}.Release|Any CPU.ActiveCfg = Release|Any CPU
		{511590DE-24B7-48CE-8279-6CD20E0D6BF4}.Release|Any CPU.Build.0 = Release|Any CPU
		{2E9A141B-0C5E-4E3B-8CD5-A72229191EC3}.Debug|Any CPU.ActiveCfg = Debug|Any CPU
		{2E9A141B-0C5E-4E3B-8CD5-A72229191EC3}.Debug|Any CPU.Build.0 = Debug|Any CPU
		{2E9A141B-0C5E-4E3B-8CD5-A72229191EC3}.Release|Any CPU.ActiveCfg = Release|Any CPU
		{2E9A141B-0C5E-4E3B-8CD5-A72229191EC3}.Release|Any CPU.Build.0 = Release|Any CPU
		{76BE9D34-D36E-49D8-BBCB-6091C6055559}.Debug|Any CPU.ActiveCfg = Debug|Any CPU
		{76BE9D34-D36E-49D8-BBCB-6091C6055559}.Debug|Any CPU.Build.0 = Debug|Any CPU
		{76BE9D34-D36E-49D8-BBCB-6091C6055559}.Release|Any CPU.ActiveCfg = Release|Any CPU
		{76BE9D34-D36E-49D8-BBCB-6091C6055559}.Release|Any CPU.Build.0 = Release|Any CPU
		{EDD4CCC9-8A85-4B97-B1E1-658BE4106F3F}.Debug|Any CPU.ActiveCfg = Debug|Any CPU
		{EDD4CCC9-8A85-4B97-B1E1-658BE4106F3F}.Debug|Any CPU.Build.0 = Debug|Any CPU
		{EDD4CCC9-8A85-4B97-B1E1-658BE4106F3F}.Release|Any CPU.ActiveCfg = Release|Any CPU
		{EDD4CCC9-8A85-4B97-B1E1-658BE4106F3F}.Release|Any CPU.Build.0 = Release|Any CPU
		{E26B40DF-4298-42F5-907A-239F3A6267B1}.Debug|Any CPU.ActiveCfg = Debug|Any CPU
		{E26B40DF-4298-42F5-907A-239F3A6267B1}.Debug|Any CPU.Build.0 = Debug|Any CPU
		{E26B40DF-4298-42F5-907A-239F3A6267B1}.Release|Any CPU.ActiveCfg = Release|Any CPU
		{E26B40DF-4298-42F5-907A-239F3A6267B1}.Release|Any CPU.Build.0 = Release|Any CPU
	EndGlobalSection
	GlobalSection(SolutionProperties) = preSolution
		HideSolutionNode = FALSE
	EndGlobalSection
	GlobalSection(NestedProjects) = preSolution
		{C869064A-D7BE-410D-8E02-B51C33A9F8E4} = {DDB4EF12-CC4E-5E88-E6FC-71A802F4DE97}
		{ABF99468-7D4A-4FF7-9F7A-7BFD42395BE4} = {DDB4EF12-CC4E-5E88-E6FC-71A802F4DE97}
		{0590B3AB-4745-4010-8F95-6225343FB1B5} = {4A4E1EC5-7D16-435D-9B11-91FD08BB0F5F}
		{1C184B07-9C01-4D07-BDA5-5143535CE607} = {4A4E1EC5-7D16-435D-9B11-91FD08BB0F5F}
		{4CCBE14A-55C8-407D-AC08-3643E652C861} = {1B181EC5-105C-4B68-BA85-4570E741F536}
		{EFD36CF3-84D1-423B-BEC6-EB0A5EDBE95F} = {DDB4EF12-CC4E-5E88-E6FC-71A802F4DE97}
		{7BBA6316-C2DE-4906-8C45-0DAD5EE47186} = {DDB4EF12-CC4E-5E88-E6FC-71A802F4DE97}
		{F64A53C6-1746-47C3-965D-87F9F4C14BC9} = {DDB4EF12-CC4E-5E88-E6FC-71A802F4DE97}
		{04AA74C0-E5EA-4274-B17A-56B2EC2C956C} = {DDB4EF12-CC4E-5E88-E6FC-71A802F4DE97}
		{511590DE-24B7-48CE-8279-6CD20E0D6BF4} = {1B181EC5-105C-4B68-BA85-4570E741F536}
		{2E9A141B-0C5E-4E3B-8CD5-A72229191EC3} = {1B181EC5-105C-4B68-BA85-4570E741F536}
		{76BE9D34-D36E-49D8-BBCB-6091C6055559} = {1B181EC5-105C-4B68-BA85-4570E741F536}
		{EDD4CCC9-8A85-4B97-B1E1-658BE4106F3F} = {1B181EC5-105C-4B68-BA85-4570E741F536}
		{E26B40DF-4298-42F5-907A-239F3A6267B1} = {4A4E1EC5-7D16-435D-9B11-91FD08BB0F5F}
	EndGlobalSection
	GlobalSection(ExtensibilityGlobals) = postSolution
		SolutionGuid = {4EF52D99-FFA7-452E-B2C5-53DC40EDD55F}
	EndGlobalSection
EndGlobal
