Microsoft Visual Studio Solution File, Format Version 12.00
# Visual Studio Version 17
VisualStudioVersion = 17.13.35913.81
MinimumVisualStudioVersion = 10.0.40219.1
Project("{FAE04EC0-301F-11D3-BF4B-00C04F79EFBC}") = "HatPepper.Search.Gateway.HotPepper", "HatPepper.Search.Gateway.HotPepper\HatPepper.Search.Gateway.HotPepper.csproj", "{C869064A-D7BE-410D-8E02-B51C33A9F8E4}"
EndProject
Project("{FAE04EC0-301F-11D3-BF4B-00C04F79EFBC}") = "HatPepper.Search.Gateway.Device", "HatPepper.Search.Gateway.Device\HatPepper.Search.Gateway.Device.csproj", "{ABF99468-7D4A-4FF7-9F7A-7BFD42395BE4}"
EndProject
Project("{FAE04EC0-301F-11D3-BF4B-00C04F79EFBC}") = "HatPepper.Search", "HatPepper.Search\HatPepper.Search.csproj", "{44074701-01BA-4719-83BF-43126E1B0A4C}"
EndProject
Project("{FAE04EC0-301F-11D3-BF4B-00C04F79EFBC}") = "HatPepper.Search.Controller", "HatPepper.Search.Controller\HatPepper.Search.Controller.csproj", "{6DBDC93E-B470-4A14-8EB8-8D8BAE578D4F}"
EndProject
Project("{FAE04EC0-301F-11D3-BF4B-00C04F79EFBC}") = "HatPepper.Search.UseCase", "HatPepper.Search.UseCase\HatPepper.Search.UseCase.csproj", "{04712D6C-FD61-46E6-880F-CEB1F7E174F9}"
EndProject
Project("{FAE04EC0-301F-11D3-BF4B-00C04F79EFBC}") = "HatPepper.Search.View", "HatPepper.Search.View\HatPepper.Search.View.csproj", "{7A8EC993-3787-461B-9572-2D8695A72BEA}"
EndProject
Project("{FAE04EC0-301F-11D3-BF4B-00C04F79EFBC}") = "HatPepper.Search.PresentationShell", "HatPepper.Search.PresentationShell\HatPepper.Search.PresentationShell.csproj", "{4235C154-D44B-446E-BF35-306F26C36561}"
EndProject
Global
	GlobalSection(SolutionConfigurationPlatforms) = preSolution
		Debug|Any CPU = Debug|Any CPU
		Release|Any CPU = Release|Any CPU
	EndGlobalSection
	GlobalSection(ProjectConfigurationPlatforms) = postSolution
		{C869064A-D7BE-410D-8E02-B51C33A9F8E4}.Debug|Any CPU.ActiveCfg = Debug|Any CPU
		{C869064A-D7BE-410D-8E02-B51C33A9F8E4}.Debug|Any CPU.Build.0 = Debug|Any CPU
		{C869064A-D7BE-410D-8E02-B51C33A9F8E4}.Release|Any CPU.ActiveCfg = Release|Any CPU
		{C869064A-D7BE-410D-8E02-B51C33A9F8E4}.Release|Any CPU.Build.0 = Release|Any CPU
		{ABF99468-7D4A-4FF7-9F7A-7BFD42395BE4}.Debug|Any CPU.ActiveCfg = Debug|Any CPU
		{ABF99468-7D4A-4FF7-9F7A-7BFD42395BE4}.Debug|Any CPU.Build.0 = Debug|Any CPU
		{ABF99468-7D4A-4FF7-9F7A-7BFD42395BE4}.Release|Any CPU.ActiveCfg = Release|Any CPU
		{ABF99468-7D4A-4FF7-9F7A-7BFD42395BE4}.Release|Any CPU.Build.0 = Release|Any CPU
		{44074701-01BA-4719-83BF-43126E1B0A4C}.Debug|Any CPU.ActiveCfg = Debug|Any CPU
		{44074701-01BA-4719-83BF-43126E1B0A4C}.Debug|Any CPU.Build.0 = Debug|Any CPU
		{44074701-01BA-4719-83BF-43126E1B0A4C}.Release|Any CPU.ActiveCfg = Release|Any CPU
		{44074701-01BA-4719-83BF-43126E1B0A4C}.Release|Any CPU.Build.0 = Release|Any CPU
		{6DBDC93E-B470-4A14-8EB8-8D8BAE578D4F}.Debug|Any CPU.ActiveCfg = Debug|Any CPU
		{6DBDC93E-B470-4A14-8EB8-8D8BAE578D4F}.Debug|Any CPU.Build.0 = Debug|Any CPU
		{6DBDC93E-B470-4A14-8EB8-8D8BAE578D4F}.Release|Any CPU.ActiveCfg = Release|Any CPU
		{6DBDC93E-B470-4A14-8EB8-8D8BAE578D4F}.Release|Any CPU.Build.0 = Release|Any CPU
		{04712D6C-FD61-46E6-880F-CEB1F7E174F9}.Debug|Any CPU.ActiveCfg = Debug|Any CPU
		{04712D6C-FD61-46E6-880F-CEB1F7E174F9}.Debug|Any CPU.Build.0 = Debug|Any CPU
		{04712D6C-FD61-46E6-880F-CEB1F7E174F9}.Release|Any CPU.ActiveCfg = Release|Any CPU
		{04712D6C-FD61-46E6-880F-CEB1F7E174F9}.Release|Any CPU.Build.0 = Release|Any CPU
		{7A8EC993-3787-461B-9572-2D8695A72BEA}.Debug|Any CPU.ActiveCfg = Debug|Any CPU
		{7A8EC993-3787-461B-9572-2D8695A72BEA}.Debug|Any CPU.Build.0 = Debug|Any CPU
		{7A8EC993-3787-461B-9572-2D8695A72BEA}.Release|Any CPU.ActiveCfg = Release|Any CPU
		{7A8EC993-3787-461B-9572-2D8695A72BEA}.Release|Any CPU.Build.0 = Release|Any CPU
		{4235C154-D44B-446E-BF35-306F26C36561}.Debug|Any CPU.ActiveCfg = Debug|Any CPU
		{4235C154-D44B-446E-BF35-306F26C36561}.Debug|Any CPU.Build.0 = Debug|Any CPU
		{4235C154-D44B-446E-BF35-306F26C36561}.Release|Any CPU.ActiveCfg = Release|Any CPU
		{4235C154-D44B-446E-BF35-306F26C36561}.Release|Any CPU.Build.0 = Release|Any CPU
	EndGlobalSection
	GlobalSection(SolutionProperties) = preSolution
		HideSolutionNode = FALSE
	EndGlobalSection
	GlobalSection(ExtensibilityGlobals) = postSolution
		SolutionGuid = {4EF52D99-FFA7-452E-B2C5-53DC40EDD55F}
	EndGlobalSection
EndGlobal
