Microsoft Visual Studio Solution File, Format Version 12.00
# Visual Studio Version 17
VisualStudioVersion = 17.13.35913.81
MinimumVisualStudioVersion = 10.0.40219.1
Project("{2150E333-8FDC-42A3-9474-1A3956D46DE8}") = "HatPepper.Search", "HatPepper.Search", "{DDB4EF12-CC4E-5E88-E6FC-71A802F4DE97}"
EndProject
Project("{2150E333-8FDC-42A3-9474-1A3956D46DE8}") = "HatPepper.Booking", "HatPepper.Booking", "{1B181EC5-105C-4B68-BA85-4570E741F536}"
EndProject
Project("{FAE04EC0-301F-11D3-BF4B-00C04F79EFBC}") = "HatPepper.Booking.App.View", "HatPepper.Booking.App.View\HatPepper.Booking.App.View.csproj", "{D98E1C7B-2C9D-4DBC-B524-80EB20D72DA0}"
EndProject
Project("{FAE04EC0-301F-11D3-BF4B-00C04F79EFBC}") = "HatPepper.Booking.App.UseCase", "HatPepper.Booking.App.UseCase\HatPepper.Booking.App.UseCase.csproj", "{D8330A2A-5F4C-42D2-8888-CAE154B2F570}"
EndProject
Project("{FAE04EC0-301F-11D3-BF4B-00C04F79EFBC}") = "HatPepper.Booking.App.Controller", "HatPepper.Booking.App.Controller\HatPepper.Booking.App.Controller.csproj", "{F199019E-6939-4B32-86F1-36E8427E3F79}"
EndProject
Project("{FAE04EC0-301F-11D3-BF4B-00C04F79EFBC}") = "HatPepper.Booking.Gateway.HotPepper", "HatPepper.Booking.Gateway.HotPepper\HatPepper.Booking.Gateway.HotPepper.csproj", "{7F2FA2C0-E707-46C7-BB79-22420C4961D8}"
EndProject
Project("{FAE04EC0-301F-11D3-BF4B-00C04F79EFBC}") = "HatPepper.Booking.Gateway.Device", "HatPepper.Booking.Gateway.Device\HatPepper.Booking.Gateway.Device.csproj", "{203C14CB-B352-4558-85CB-BC7628ECA529}"
EndProject
Project("{FAE04EC0-301F-11D3-BF4B-00C04F79EFBC}") = "HatPepper.Booking.App.Domain", "HatPepper.Booking.App.Domain\HatPepper.Booking.App.Domain.csproj", "{02DC3A5A-E212-4207-AA27-5101E7426546}"
EndProject
Project("{FAE04EC0-301F-11D3-BF4B-00C04F79EFBC}") = "HatPepper.Search.Gateway.HotPepper", "HatPepper.Search.Gateway.HotPepper\HatPepper.Search.Gateway.HotPepper.csproj", "{C869064A-D7BE-410D-8E02-B51C33A9F8E4}"
EndProject
Project("{2150E333-8FDC-42A3-9474-1A3956D46DE8}") = "HatPepper", "HatPepper", "{4A4E1EC5-7D16-435D-9B11-91FD08BB0F5F}"
EndProject
Project("{FAE04EC0-301F-11D3-BF4B-00C04F79EFBC}") = "HatPepper.Search.Gateway.Device", "HatPepper.Search.Gateway.Device\HatPepper.Search.Gateway.Device.csproj", "{ABF99468-7D4A-4FF7-9F7A-7BFD42395BE4}"
EndProject
Project("{FAE04EC0-301F-11D3-BF4B-00C04F79EFBC}") = "HatPepper.Search", "HatPepper.Search\HatPepper.Search.csproj", "{44074701-01BA-4719-83BF-43126E1B0A4C}"
EndProject
Project("{FAE04EC0-301F-11D3-BF4B-00C04F79EFBC}") = "HatPepper", "HatPepper\HatPepper.csproj", "{0590B3AB-4745-4010-8F95-6225343FB1B5}"
EndProject
Project("{FAE04EC0-301F-11D3-BF4B-00C04F79EFBC}") = "HatPepper.Search.Controller", "HatPepper.Search.Controller\HatPepper.Search.Controller.csproj", "{6DBDC93E-B470-4A14-8EB8-8D8BAE578D4F}"
EndProject
Project("{FAE04EC0-301F-11D3-BF4B-00C04F79EFBC}") = "HatPepper.Search.UseCase", "HatPepper.Search.UseCase\HatPepper.Search.UseCase.csproj", "{04712D6C-FD61-46E6-880F-CEB1F7E174F9}"
EndProject
Project("{FAE04EC0-301F-11D3-BF4B-00C04F79EFBC}") = "HatPepper.Search.View", "HatPepper.Search.View\HatPepper.Search.View.csproj", "{7A8EC993-3787-461B-9572-2D8695A72BEA}"
EndProject
Project("{FAE04EC0-301F-11D3-BF4B-00C04F79EFBC}") = "HatPepper.Controller", "HatPepper.Controller\HatPepper.Controller.csproj", "{897C7A39-3840-473D-A261-4568C825F293}"
EndProject
Project("{FAE04EC0-301F-11D3-BF4B-00C04F79EFBC}") = "HatPepper.PresentationShell", "HatPepper.PresentationShell\HatPepper.PresentationShell.csproj", "{1C184B07-9C01-4D07-BDA5-5143535CE607}"
EndProject
Global
	GlobalSection(SolutionConfigurationPlatforms) = preSolution
		Debug|Any CPU = Debug|Any CPU
		Release|Any CPU = Release|Any CPU
	EndGlobalSection
	GlobalSection(ProjectConfigurationPlatforms) = postSolution
		{D98E1C7B-2C9D-4DBC-B524-80EB20D72DA0}.Debug|Any CPU.ActiveCfg = Debug|Any CPU
		{D98E1C7B-2C9D-4DBC-B524-80EB20D72DA0}.Debug|Any CPU.Build.0 = Debug|Any CPU
		{D98E1C7B-2C9D-4DBC-B524-80EB20D72DA0}.Release|Any CPU.ActiveCfg = Release|Any CPU
		{D98E1C7B-2C9D-4DBC-B524-80EB20D72DA0}.Release|Any CPU.Build.0 = Release|Any CPU
		{D8330A2A-5F4C-42D2-8888-CAE154B2F570}.Debug|Any CPU.ActiveCfg = Debug|Any CPU
		{D8330A2A-5F4C-42D2-8888-CAE154B2F570}.Debug|Any CPU.Build.0 = Debug|Any CPU
		{D8330A2A-5F4C-42D2-8888-CAE154B2F570}.Release|Any CPU.ActiveCfg = Release|Any CPU
		{D8330A2A-5F4C-42D2-8888-CAE154B2F570}.Release|Any CPU.Build.0 = Release|Any CPU
		{F199019E-6939-4B32-86F1-36E8427E3F79}.Debug|Any CPU.ActiveCfg = Debug|Any CPU
		{F199019E-6939-4B32-86F1-36E8427E3F79}.Debug|Any CPU.Build.0 = Debug|Any CPU
		{F199019E-6939-4B32-86F1-36E8427E3F79}.Release|Any CPU.ActiveCfg = Release|Any CPU
		{F199019E-6939-4B32-86F1-36E8427E3F79}.Release|Any CPU.Build.0 = Release|Any CPU
		{7F2FA2C0-E707-46C7-BB79-22420C4961D8}.Debug|Any CPU.ActiveCfg = Debug|Any CPU
		{7F2FA2C0-E707-46C7-BB79-22420C4961D8}.Debug|Any CPU.Build.0 = Debug|Any CPU
		{7F2FA2C0-E707-46C7-BB79-22420C4961D8}.Release|Any CPU.ActiveCfg = Release|Any CPU
		{7F2FA2C0-E707-46C7-BB79-22420C4961D8}.Release|Any CPU.Build.0 = Release|Any CPU
		{203C14CB-B352-4558-85CB-BC7628ECA529}.Debug|Any CPU.ActiveCfg = Debug|Any CPU
		{203C14CB-B352-4558-85CB-BC7628ECA529}.Debug|Any CPU.Build.0 = Debug|Any CPU
		{203C14CB-B352-4558-85CB-BC7628ECA529}.Release|Any CPU.ActiveCfg = Release|Any CPU
		{203C14CB-B352-4558-85CB-BC7628ECA529}.Release|Any CPU.Build.0 = Release|Any CPU
		{02DC3A5A-E212-4207-AA27-5101E7426546}.Debug|Any CPU.ActiveCfg = Debug|Any CPU
		{02DC3A5A-E212-4207-AA27-5101E7426546}.Debug|Any CPU.Build.0 = Debug|Any CPU
		{02DC3A5A-E212-4207-AA27-5101E7426546}.Release|Any CPU.ActiveCfg = Release|Any CPU
		{02DC3A5A-E212-4207-AA27-5101E7426546}.Release|Any CPU.Build.0 = Release|Any CPU
		{C869064A-D7BE-410D-8E02-B51C33A9F8E4}.Debug|Any CPU.ActiveCfg = Debug|Any CPU
		{C869064A-D7BE-410D-8E02-B51C33A9F8E4}.Debug|Any CPU.Build.0 = Debug|Any CPU
		{C869064A-D7BE-410D-8E02-B51C33A9F8E4}.Release|Any CPU.ActiveCfg = Release|Any CPU
		{C869064A-D7BE-410D-8E02-B51C33A9F8E4}.Release|Any CPU.Build.0 = Release|Any CPU
		{ABF99468-7D4A-4FF7-9F7A-7BFD42395BE4}.Debug|Any CPU.ActiveCfg = Debug|Any CPU
		{ABF99468-7D4A-4FF7-9F7A-7BFD42395BE4}.Debug|Any CPU.Build.0 = Debug|Any CPU
		{ABF99468-7D4A-4FF7-9F7A-7BFD42395BE4}.Release|Any CPU.ActiveCfg = Release|Any CPU
		{ABF99468-7D4A-4FF7-9F7A-7BFD42395BE4}.Release|Any CPU.Build.0 = Release|Any CPU
		{44074701-01BA-4719-83BF-43126E1B0A4C}.Debug|Any CPU.ActiveCfg = Debug|Any CPU
		{44074701-01BA-4719-83BF-43126E1B0A4C}.Debug|Any CPU.Build.0 = Debug|Any CPU
		{44074701-01BA-4719-83BF-43126E1B0A4C}.Release|Any CPU.ActiveCfg = Release|Any CPU
		{44074701-01BA-4719-83BF-43126E1B0A4C}.Release|Any CPU.Build.0 = Release|Any CPU
		{0590B3AB-4745-4010-8F95-6225343FB1B5}.Debug|Any CPU.ActiveCfg = Debug|Any CPU
		{0590B3AB-4745-4010-8F95-6225343FB1B5}.Debug|Any CPU.Build.0 = Debug|Any CPU
		{0590B3AB-4745-4010-8F95-6225343FB1B5}.Release|Any CPU.ActiveCfg = Release|Any CPU
		{0590B3AB-4745-4010-8F95-6225343FB1B5}.Release|Any CPU.Build.0 = Release|Any CPU
		{6DBDC93E-B470-4A14-8EB8-8D8BAE578D4F}.Debug|Any CPU.ActiveCfg = Debug|Any CPU
		{6DBDC93E-B470-4A14-8EB8-8D8BAE578D4F}.Debug|Any CPU.Build.0 = Debug|Any CPU
		{6DBDC93E-B470-4A14-8EB8-8D8BAE578D4F}.Release|Any CPU.ActiveCfg = Release|Any CPU
		{6DBDC93E-B470-4A14-8EB8-8D8BAE578D4F}.Release|Any CPU.Build.0 = Release|Any CPU
		{04712D6C-FD61-46E6-880F-CEB1F7E174F9}.Debug|Any CPU.ActiveCfg = Debug|Any CPU
		{04712D6C-FD61-46E6-880F-CEB1F7E174F9}.Debug|Any CPU.Build.0 = Debug|Any CPU
		{04712D6C-FD61-46E6-880F-CEB1F7E174F9}.Release|Any CPU.ActiveCfg = Release|Any CPU
		{04712D6C-FD61-46E6-880F-CEB1F7E174F9}.Release|Any CPU.Build.0 = Release|Any CPU
		{7A8EC993-3787-461B-9572-2D8695A72BEA}.Debug|Any CPU.ActiveCfg = Debug|Any CPU
		{7A8EC993-3787-461B-9572-2D8695A72BEA}.Debug|Any CPU.Build.0 = Debug|Any CPU
		{7A8EC993-3787-461B-9572-2D8695A72BEA}.Release|Any CPU.ActiveCfg = Release|Any CPU
		{7A8EC993-3787-461B-9572-2D8695A72BEA}.Release|Any CPU.Build.0 = Release|Any CPU
		{897C7A39-3840-473D-A261-4568C825F293}.Debug|Any CPU.ActiveCfg = Debug|Any CPU
		{897C7A39-3840-473D-A261-4568C825F293}.Debug|Any CPU.Build.0 = Debug|Any CPU
		{897C7A39-3840-473D-A261-4568C825F293}.Release|Any CPU.ActiveCfg = Release|Any CPU
		{897C7A39-3840-473D-A261-4568C825F293}.Release|Any CPU.Build.0 = Release|Any CPU
		{1C184B07-9C01-4D07-BDA5-5143535CE607}.Debug|Any CPU.ActiveCfg = Debug|Any CPU
		{1C184B07-9C01-4D07-BDA5-5143535CE607}.Debug|Any CPU.Build.0 = Debug|Any CPU
		{1C184B07-9C01-4D07-BDA5-5143535CE607}.Release|Any CPU.ActiveCfg = Release|Any CPU
		{1C184B07-9C01-4D07-BDA5-5143535CE607}.Release|Any CPU.Build.0 = Release|Any CPU
	EndGlobalSection
	GlobalSection(SolutionProperties) = preSolution
		HideSolutionNode = FALSE
	EndGlobalSection
	GlobalSection(NestedProjects) = preSolution
		{D98E1C7B-2C9D-4DBC-B524-80EB20D72DA0} = {1B181EC5-105C-4B68-BA85-4570E741F536}
		{D8330A2A-5F4C-42D2-8888-CAE154B2F570} = {1B181EC5-105C-4B68-BA85-4570E741F536}
		{F199019E-6939-4B32-86F1-36E8427E3F79} = {1B181EC5-105C-4B68-BA85-4570E741F536}
		{7F2FA2C0-E707-46C7-BB79-22420C4961D8} = {1B181EC5-105C-4B68-BA85-4570E741F536}
		{203C14CB-B352-4558-85CB-BC7628ECA529} = {1B181EC5-105C-4B68-BA85-4570E741F536}
		{02DC3A5A-E212-4207-AA27-5101E7426546} = {1B181EC5-105C-4B68-BA85-4570E741F536}
		{C869064A-D7BE-410D-8E02-B51C33A9F8E4} = {DDB4EF12-CC4E-5E88-E6FC-71A802F4DE97}
		{ABF99468-7D4A-4FF7-9F7A-7BFD42395BE4} = {DDB4EF12-CC4E-5E88-E6FC-71A802F4DE97}
		{44074701-01BA-4719-83BF-43126E1B0A4C} = {DDB4EF12-CC4E-5E88-E6FC-71A802F4DE97}
		{0590B3AB-4745-4010-8F95-6225343FB1B5} = {4A4E1EC5-7D16-435D-9B11-91FD08BB0F5F}
		{6DBDC93E-B470-4A14-8EB8-8D8BAE578D4F} = {DDB4EF12-CC4E-5E88-E6FC-71A802F4DE97}
		{04712D6C-FD61-46E6-880F-CEB1F7E174F9} = {DDB4EF12-CC4E-5E88-E6FC-71A802F4DE97}
		{7A8EC993-3787-461B-9572-2D8695A72BEA} = {DDB4EF12-CC4E-5E88-E6FC-71A802F4DE97}
		{897C7A39-3840-473D-A261-4568C825F293} = {4A4E1EC5-7D16-435D-9B11-91FD08BB0F5F}
		{1C184B07-9C01-4D07-BDA5-5143535CE607} = {4A4E1EC5-7D16-435D-9B11-91FD08BB0F5F}
	EndGlobalSection
	GlobalSection(ExtensibilityGlobals) = postSolution
		SolutionGuid = {4EF52D99-FFA7-452E-B2C5-53DC40EDD55F}
	EndGlobalSection
EndGlobal
